{
  "nodes": {
    "nixpkgs": {
      "locked": {
        "lastModified": 1597682354,
        "narHash": "sha256-6J4Q9gYzIuYUjn9MLJvte5KY2ZBpQ+3prsSz+r/8le0=",
        "owner": "NixOS",
        "repo": "nixpkgs",
        "rev": "1e3f09feaa5667be4ed6eca96a984b4642420b83",
        "type": "github"
      },
      "original": {
        "owner": "NixOS",
        "ref": "nixos-unstable",
        "repo": "nixpkgs",
        "type": "github"
      }
    },
    "root": {
      "inputs": {
        "nixpkgs": "nixpkgs"
      }
    }
  },
  "root": "root",
  "version": 7
}
